
Microsoft Visual Studio Solution File, Format Version 12.00
# Visual Studio Version 17
VisualStudioVersion = 17.13.35818.85
MinimumVisualStudioVersion = 10.0.40219.1
Project("{FAE04EC0-301F-11D3-BF4B-00C04F79EFBC}") = "CAREapplication", "WebApplication1\CAREapplication.csproj", "{00D6014E-5A76-48C8-A9FE-EC4000937C2A}"
EndProject
Global
	GlobalSection(SolutionConfigurationPlatforms) = preSolution
		Debug|Any CPU = Debug|Any CPU
		Release|Any CPU = Release|Any CPU
	EndGlobalSection
	GlobalSection(ProjectConfigurationPlatforms) = postSolution
		{00D6014E-5A76-48C8-A9FE-EC4000937C2A}.Debug|Any CPU.ActiveCfg = Debug|Any CPU
		{00D6014E-5A76-48C8-A9FE-EC4000937C2A}.Debug|Any CPU.Build.0 = Debug|Any CPU
		{00D6014E-5A76-48C8-A9FE-EC4000937C2A}.Release|Any CPU.ActiveCfg = Release|Any CPU
		{00D6014E-5A76-48C8-A9FE-EC4000937C2A}.Release|Any CPU.Build.0 = Release|Any CPU
	EndGlobalSection
	GlobalSection(SolutionProperties) = preSolution
		HideSolutionNode = FALSE
	EndGlobalSection
	GlobalSection(ExtensibilityGlobals) = postSolution
		SolutionGuid = {613D90C0-2018-4C77-ADD0-CAD6CEE0E4EA}
	EndGlobalSection
EndGlobal
